
Microsoft Visual Studio Solution File, Format Version 12.00
# Visual Studio 15
VisualStudioVersion = 15.0.27703.2042
MinimumVisualStudioVersion = 10.0.40219.1
Project("{FAE04EC0-301F-11D3-BF4B-00C04F79EFBC}") = "TheCorrosionMod", "TheCorrosionMod.csproj", "{0F720890-4682-45D4-BA92-E5C595CB43CE}"
EndProject
Global
	GlobalSection(SolutionConfigurationPlatforms) = preSolution
		Debug|Any CPU = Debug|Any CPU
		Release|Any CPU = Release|Any CPU
	EndGlobalSection
	GlobalSection(ProjectConfigurationPlatforms) = postSolution
		{0F720890-4682-45D4-BA92-E5C595CB43CE}.Debug|Any CPU.ActiveCfg = Debug|Any CPU
		{0F720890-4682-45D4-BA92-E5C595CB43CE}.Debug|Any CPU.Build.0 = Debug|Any CPU
		{0F720890-4682-45D4-BA92-E5C595CB43CE}.Release|Any CPU.ActiveCfg = Release|Any CPU
		{0F720890-4682-45D4-BA92-E5C595CB43CE}.Release|Any CPU.Build.0 = Release|Any CPU
	EndGlobalSection
	GlobalSection(SolutionProperties) = preSolution
		HideSolutionNode = FALSE
	EndGlobalSection
	GlobalSection(ExtensibilityGlobals) = postSolution
		SolutionGuid = {E8AE391C-614E-413F-B4FD-7E73A7211669}
	EndGlobalSection
EndGlobal
